
Microsoft Visual Studio Solution File, Format Version 12.00
# Visual Studio Version 17
VisualStudioVersion = 17.11.35208.52
MinimumVisualStudioVersion = 10.0.40219.1
Project("{FAE04EC0-301F-11D3-BF4B-00C04F79EFBC}") = "FileUpload", "FileUpload\FileUpload.csproj", "{7FDCFC01-9A93-495E-855B-9656B501ACF3}"
EndProject
Global
	GlobalSection(SolutionConfigurationPlatforms) = preSolution
		Debug|Any CPU = Debug|Any CPU
		Release|Any CPU = Release|Any CPU
	EndGlobalSection
	GlobalSection(ProjectConfigurationPlatforms) = postSolution
		{7FDCFC01-9A93-495E-855B-9656B501ACF3}.Debug|Any CPU.ActiveCfg = Debug|Any CPU
		{7FDCFC01-9A93-495E-855B-9656B501ACF3}.Debug|Any CPU.Build.0 = Debug|Any CPU
		{7FDCFC01-9A93-495E-855B-9656B501ACF3}.Release|Any CPU.ActiveCfg = Release|Any CPU
		{7FDCFC01-9A93-495E-855B-9656B501ACF3}.Release|Any CPU.Build.0 = Release|Any CPU
	EndGlobalSection
	GlobalSection(SolutionProperties) = preSolution
		HideSolutionNode = FALSE
	EndGlobalSection
	GlobalSection(ExtensibilityGlobals) = postSolution
		SolutionGuid = {AB26F435-5D05-4C4A-90F8-77E785843E71}
	EndGlobalSection
EndGlobal
