
Microsoft Visual Studio Solution File, Format Version 12.00
# Visual Studio Version 17
VisualStudioVersion = 17.11.35208.52
MinimumVisualStudioVersion = 10.0.40219.1
Project("{FAE04EC0-301F-11D3-BF4B-00C04F79EFBC}") = "ExceptionHandlingDemo", "ExceptionHandlingDemo\ExceptionHandlingDemo.csproj", "{90B683AA-51E7-4FF4-A191-20D7333AB6D7}"
EndProject
Global
	GlobalSection(SolutionConfigurationPlatforms) = preSolution
		Debug|Any CPU = Debug|Any CPU
		Release|Any CPU = Release|Any CPU
	EndGlobalSection
	GlobalSection(ProjectConfigurationPlatforms) = postSolution
		{90B683AA-51E7-4FF4-A191-20D7333AB6D7}.Debug|Any CPU.ActiveCfg = Debug|Any CPU
		{90B683AA-51E7-4FF4-A191-20D7333AB6D7}.Debug|Any CPU.Build.0 = Debug|Any CPU
		{90B683AA-51E7-4FF4-A191-20D7333AB6D7}.Release|Any CPU.ActiveCfg = Release|Any CPU
		{90B683AA-51E7-4FF4-A191-20D7333AB6D7}.Release|Any CPU.Build.0 = Release|Any CPU
	EndGlobalSection
	GlobalSection(SolutionProperties) = preSolution
		HideSolutionNode = FALSE
	EndGlobalSection
	GlobalSection(ExtensibilityGlobals) = postSolution
		SolutionGuid = {01951D0C-4108-46A8-815B-AEC14A753291}
	EndGlobalSection
EndGlobal
